// !$*UTF8*$!
{
	archiveVersion = 1;
	classes = {
	};
	objectVersion = 51;
	objects = {

/* Begin PBXBuildFile section */
		60287CC7267A4F3F003C345C /* AppDelegate.swift in Sources */ = {isa = PBXBuildFile; fileRef = 60287CC6267A4F3F003C345C /* AppDelegate.swift */; };
		60287CC9267A4F3F003C345C /* SceneDelegate.swift in Sources */ = {isa = PBXBuildFile; fileRef = 60287CC8267A4F3F003C345C /* SceneDelegate.swift */; };
		60287CCE267A4F3F003C345C /* Main.storyboard in Resources */ = {isa = PBXBuildFile; fileRef = 60287CCC267A4F3F003C345C /* Main.storyboard */; };
		60287CD0267A4F44003C345C /* Assets.xcassets in Resources */ = {isa = PBXBuildFile; fileRef = 60287CCF267A4F44003C345C /* Assets.xcassets */; };
		60287CD3267A4F44003C345C /* LaunchScreen.storyboard in Resources */ = {isa = PBXBuildFile; fileRef = 60287CD1267A4F44003C345C /* LaunchScreen.storyboard */; };
		60287CDB267A52B8003C345C /* ImageViewController.swift in Sources */ = {isa = PBXBuildFile; fileRef = 60287CDA267A52B8003C345C /* ImageViewController.swift */; };
		60BE4FEC267B8F5B00AE6524 /* CoursesViewController.swift in Sources */ = {isa = PBXBuildFile; fileRef = 60BE4FEB267B8F5B00AE6524 /* CoursesViewController.swift */; };
		60BE4FEE267B911900AE6524 /* WebViewController.swift in Sources */ = {isa = PBXBuildFile; fileRef = 60BE4FED267B911900AE6524 /* WebViewController.swift */; };
		60BE4FF0267B913800AE6524 /* TableViewCell.swift in Sources */ = {isa = PBXBuildFile; fileRef = 60BE4FEF267B913800AE6524 /* TableViewCell.swift */; };
		60BE4FF2267B95D200AE6524 /* Course.swift in Sources */ = {isa = PBXBuildFile; fileRef = 60BE4FF1267B95D200AE6524 /* Course.swift */; };
		60BE4FF4267B988F00AE6524 /* WebsiteDescription.swift in Sources */ = {isa = PBXBuildFile; fileRef = 60BE4FF3267B988F00AE6524 /* WebsiteDescription.swift */; };
		60BE4FF6267BB30A00AE6524 /* MainViewController.swift in Sources */ = {isa = PBXBuildFile; fileRef = 60BE4FF5267BB30A00AE6524 /* MainViewController.swift */; };
		60BE4FF8267BB32700AE6524 /* CollectionViewCell.swift in Sources */ = {isa = PBXBuildFile; fileRef = 60BE4FF7267BB32700AE6524 /* CollectionViewCell.swift */; };
		60BE4FFA267C00B400AE6524 /* NetworkManager.swift in Sources */ = {isa = PBXBuildFile; fileRef = 60BE4FF9267C00B400AE6524 /* NetworkManager.swift */; };
		60BE4FFC267C0EEF00AE6524 /* DataProvider.swift in Sources */ = {isa = PBXBuildFile; fileRef = 60BE4FFB267C0EEF00AE6524 /* DataProvider.swift */; };
		60BE4FFE267E56E900AE6524 /* AlamofireNetworkRequest.swift in Sources */ = {isa = PBXBuildFile; fileRef = 60BE4FFD267E56E900AE6524 /* AlamofireNetworkRequest.swift */; };
		A8C38245122251A7F0F20819 /* Pods_GetPostRequests.framework in Frameworks */ = {isa = PBXBuildFile; fileRef = 900E30061656BD8AB1BBB8E8 /* Pods_GetPostRequests.framework */; };
/* End PBXBuildFile section */

/* Begin PBXFileReference section */
		60287CC3267A4F3F003C345C /* GetPostRequests.app */ = {isa = PBXFileReference; explicitFileType = wrapper.application; includeInIndex = 0; path = GetPostRequests.app; sourceTree = BUILT_PRODUCTS_DIR; };
		60287CC6267A4F3F003C345C /* AppDelegate.swift */ = {isa = PBXFileReference; lastKnownFileType = sourcecode.swift; path = AppDelegate.swift; sourceTree = "<group>"; };
		60287CC8267A4F3F003C345C /* SceneDelegate.swift */ = {isa = PBXFileReference; lastKnownFileType = sourcecode.swift; path = SceneDelegate.swift; sourceTree = "<group>"; };
		60287CCD267A4F3F003C345C /* Base */ = {isa = PBXFileReference; lastKnownFileType = file.storyboard; name = Base; path = Base.lproj/Main.storyboard; sourceTree = "<group>"; };
		60287CCF267A4F44003C345C /* Assets.xcassets */ = {isa = PBXFileReference; lastKnownFileType = folder.assetcatalog; path = Assets.xcassets; sourceTree = "<group>"; };
		60287CD2267A4F44003C345C /* Base */ = {isa = PBXFileReference; lastKnownFileType = file.storyboard; name = Base; path = Base.lproj/LaunchScreen.storyboard; sourceTree = "<group>"; };
		60287CD4267A4F44003C345C /* Info.plist */ = {isa = PBXFileReference; lastKnownFileType = text.plist.xml; path = Info.plist; sourceTree = "<group>"; };
		60287CDA267A52B8003C345C /* ImageViewController.swift */ = {isa = PBXFileReference; lastKnownFileType = sourcecode.swift; path = ImageViewController.swift; sourceTree = "<group>"; };
		60BE4FEB267B8F5B00AE6524 /* CoursesViewController.swift */ = {isa = PBXFileReference; lastKnownFileType = sourcecode.swift; path = CoursesViewController.swift; sourceTree = "<group>"; };
		60BE4FED267B911900AE6524 /* WebViewController.swift */ = {isa = PBXFileReference; lastKnownFileType = sourcecode.swift; path = WebViewController.swift; sourceTree = "<group>"; };
		60BE4FEF267B913800AE6524 /* TableViewCell.swift */ = {isa = PBXFileReference; lastKnownFileType = sourcecode.swift; path = TableViewCell.swift; sourceTree = "<group>"; };
		60BE4FF1267B95D200AE6524 /* Course.swift */ = {isa = PBXFileReference; lastKnownFileType = sourcecode.swift; path = Course.swift; sourceTree = "<group>"; };
		60BE4FF3267B988F00AE6524 /* WebsiteDescription.swift */ = {isa = PBXFileReference; lastKnownFileType = sourcecode.swift; path = WebsiteDescription.swift; sourceTree = "<group>"; };
		60BE4FF5267BB30A00AE6524 /* MainViewController.swift */ = {isa = PBXFileReference; lastKnownFileType = sourcecode.swift; path = MainViewController.swift; sourceTree = "<group>"; };
		60BE4FF7267BB32700AE6524 /* CollectionViewCell.swift */ = {isa = PBXFileReference; lastKnownFileType = sourcecode.swift; path = CollectionViewCell.swift; sourceTree = "<group>"; };
		60BE4FF9267C00B400AE6524 /* NetworkManager.swift */ = {isa = PBXFileReference; lastKnownFileType = sourcecode.swift; path = NetworkManager.swift; sourceTree = "<group>"; };
		60BE4FFB267C0EEF00AE6524 /* DataProvider.swift */ = {isa = PBXFileReference; lastKnownFileType = sourcecode.swift; path = DataProvider.swift; sourceTree = "<group>"; };
		60BE4FFD267E56E900AE6524 /* AlamofireNetworkRequest.swift */ = {isa = PBXFileReference; lastKnownFileType = sourcecode.swift; path = AlamofireNetworkRequest.swift; sourceTree = "<group>"; };
		899A2C8D4069B64520EF1E37 /* Pods-GetPostRequests.debug.xcconfig */ = {isa = PBXFileReference; includeInIndex = 1; lastKnownFileType = text.xcconfig; name = "Pods-GetPostRequests.debug.xcconfig"; path = "Target Support Files/Pods-GetPostRequests/Pods-GetPostRequests.debug.xcconfig"; sourceTree = "<group>"; };
		900E30061656BD8AB1BBB8E8 /* Pods_GetPostRequests.framework */ = {isa = PBXFileReference; explicitFileType = wrapper.framework; includeInIndex = 0; path = Pods_GetPostRequests.framework; sourceTree = BUILT_PRODUCTS_DIR; };
		C54C668F731747876909AB59 /* Pods-GetPostRequests.release.xcconfig */ = {isa = PBXFileReference; includeInIndex = 1; lastKnownFileType = text.xcconfig; name = "Pods-GetPostRequests.release.xcconfig"; path = "Target Support Files/Pods-GetPostRequests/Pods-GetPostRequests.release.xcconfig"; sourceTree = "<group>"; };
/* End PBXFileReference section */

/* Begin PBXFrameworksBuildPhase section */
		60287CC0267A4F3F003C345C /* Frameworks */ = {
			isa = PBXFrameworksBuildPhase;
			buildActionMask = 2147483647;
			files = (
				A8C38245122251A7F0F20819 /* Pods_GetPostRequests.framework in Frameworks */,
			);
			runOnlyForDeploymentPostprocessing = 0;
		};
/* End PBXFrameworksBuildPhase section */

/* Begin PBXGroup section */
		60287CBA267A4F3F003C345C = {
			isa = PBXGroup;
			children = (
				60287CC5267A4F3F003C345C /* GetPostRequests */,
				60287CC4267A4F3F003C345C /* Products */,
				C3B47A14EDAEC3300B82538A /* Pods */,
				ED162E15A95C86BA2A768EEA /* Frameworks */,
			);
			sourceTree = "<group>";
		};
		60287CC4267A4F3F003C345C /* Products */ = {
			isa = PBXGroup;
			children = (
				60287CC3267A4F3F003C345C /* GetPostRequests.app */,
			);
			name = Products;
			sourceTree = "<group>";
		};
		60287CC5267A4F3F003C345C /* GetPostRequests */ = {
			isa = PBXGroup;
			children = (
				60287CC6267A4F3F003C345C /* AppDelegate.swift */,
				60287CC8267A4F3F003C345C /* SceneDelegate.swift */,
				60BE4FF9267C00B400AE6524 /* NetworkManager.swift */,
				60BE4FFD267E56E900AE6524 /* AlamofireNetworkRequest.swift */,
				60287CCC267A4F3F003C345C /* Main.storyboard */,
				60287CCF267A4F44003C345C /* Assets.xcassets */,
				60287CD1267A4F44003C345C /* LaunchScreen.storyboard */,
				60287CD4267A4F44003C345C /* Info.plist */,
				60287CDA267A52B8003C345C /* ImageViewController.swift */,
				60BE4FEB267B8F5B00AE6524 /* CoursesViewController.swift */,
				60BE4FED267B911900AE6524 /* WebViewController.swift */,
				60BE4FEF267B913800AE6524 /* TableViewCell.swift */,
				60BE4FF1267B95D200AE6524 /* Course.swift */,
				60BE4FF3267B988F00AE6524 /* WebsiteDescription.swift */,
				60BE4FF5267BB30A00AE6524 /* MainViewController.swift */,
				60BE4FF7267BB32700AE6524 /* CollectionViewCell.swift */,
				60BE4FFB267C0EEF00AE6524 /* DataProvider.swift */,
			);
			path = GetPostRequests;
			sourceTree = "<group>";
		};
		C3B47A14EDAEC3300B82538A /* Pods */ = {
			isa = PBXGroup;
			children = (
				899A2C8D4069B64520EF1E37 /* Pods-GetPostRequests.debug.xcconfig */,
				C54C668F731747876909AB59 /* Pods-GetPostRequests.release.xcconfig */,
			);
			path = Pods;
			sourceTree = "<group>";
		};
		ED162E15A95C86BA2A768EEA /* Frameworks */ = {
			isa = PBXGroup;
			children = (
				900E30061656BD8AB1BBB8E8 /* Pods_GetPostRequests.framework */,
			);
			name = Frameworks;
			sourceTree = "<group>";
		};
/* End PBXGroup section */

/* Begin PBXNativeTarget section */
		60287CC2267A4F3F003C345C /* GetPostRequests */ = {
			isa = PBXNativeTarget;
			buildConfigurationList = 60287CD7267A4F44003C345C /* Build configuration list for PBXNativeTarget "GetPostRequests" */;
			buildPhases = (
				8754DED92D92C40682FDC00F /* [CP] Check Pods Manifest.lock */,
				60287CBF267A4F3F003C345C /* Sources */,
				60287CC0267A4F3F003C345C /* Frameworks */,
				60287CC1267A4F3F003C345C /* Resources */,
				2D05CC97666252154CE647B5 /* [CP] Embed Pods Frameworks */,
			);
			buildRules = (
			);
			dependencies = (
			);
			name = GetPostRequests;
			productName = GetPostRequests;
			productReference = 60287CC3267A4F3F003C345C /* GetPostRequests.app */;
			productType = "com.apple.product-type.application";
		};
/* End PBXNativeTarget section */

/* Begin PBXProject section */
		60287CBB267A4F3F003C345C /* Project object */ = {
			isa = PBXProject;
			attributes = {
				LastSwiftUpdateCheck = 1250;
				LastUpgradeCheck = 1250;
				TargetAttributes = {
					60287CC2267A4F3F003C345C = {
						CreatedOnToolsVersion = 12.5;
					};
				};
			};
			buildConfigurationList = 60287CBE267A4F3F003C345C /* Build configuration list for PBXProject "GetPostRequests" */;
			compatibilityVersion = "Xcode 9.3";
			developmentRegion = en;
			hasScannedForEncodings = 0;
			knownRegions = (
				en,
				Base,
			);
			mainGroup = 60287CBA267A4F3F003C345C;
			productRefGroup = 60287CC4267A4F3F003C345C /* Products */;
			projectDirPath = "";
			projectRoot = "";
			targets = (
				60287CC2267A4F3F003C345C /* GetPostRequests */,
			);
		};
/* End PBXProject section */

/* Begin PBXResourcesBuildPhase section */
		60287CC1267A4F3F003C345C /* Resources */ = {
			isa = PBXResourcesBuildPhase;
			buildActionMask = 2147483647;
			files = (
				60287CD3267A4F44003C345C /* LaunchScreen.storyboard in Resources */,
				60287CD0267A4F44003C345C /* Assets.xcassets in Resources */,
				60287CCE267A4F3F003C345C /* Main.storyboard in Resources */,
			);
			runOnlyForDeploymentPostprocessing = 0;
		};
/* End PBXResourcesBuildPhase section */

/* Begin PBXShellScriptBuildPhase section */
		2D05CC97666252154CE647B5 /* [CP] Embed Pods Frameworks */ = {
			isa = PBXShellScriptBuildPhase;
			buildActionMask = 2147483647;
			files = (
			);
			inputFileListPaths = (
				"${PODS_ROOT}/Target Support Files/Pods-GetPostRequests/Pods-GetPostRequests-frameworks-${CONFIGURATION}-input-files.xcfilelist",
			);
			name = "[CP] Embed Pods Frameworks";
			outputFileListPaths = (
				"${PODS_ROOT}/Target Support Files/Pods-GetPostRequests/Pods-GetPostRequests-frameworks-${CONFIGURATION}-output-files.xcfilelist",
			);
			runOnlyForDeploymentPostprocessing = 0;
			shellPath = /bin/sh;
			shellScript = "\"${PODS_ROOT}/Target Support Files/Pods-GetPostRequests/Pods-GetPostRequests-frameworks.sh\"\n";
			showEnvVarsInLog = 0;
		};
		8754DED92D92C40682FDC00F /* [CP] Check Pods Manifest.lock */ = {
			isa = PBXShellScriptBuildPhase;
			buildActionMask = 2147483647;
			files = (
			);
			inputFileListPaths = (
			);
			inputPaths = (
				"${PODS_PODFILE_DIR_PATH}/Podfile.lock",
				"${PODS_ROOT}/Manifest.lock",
			);
			name = "[CP] Check Pods Manifest.lock";
			outputFileListPaths = (
			);
			outputPaths = (
				"$(DERIVED_FILE_DIR)/Pods-GetPostRequests-checkManifestLockResult.txt",
			);
			runOnlyForDeploymentPostprocessing = 0;
			shellPath = /bin/sh;
			shellScript = "diff \"${PODS_PODFILE_DIR_PATH}/Podfile.lock\" \"${PODS_ROOT}/Manifest.lock\" > /dev/null\nif [ $? != 0 ] ; then\n    # print error to STDERR\n    echo \"error: The sandbox is not in sync with the Podfile.lock. Run 'pod install' or update your CocoaPods installation.\" >&2\n    exit 1\nfi\n# This output is used by Xcode 'outputs' to avoid re-running this script phase.\necho \"SUCCESS\" > \"${SCRIPT_OUTPUT_FILE_0}\"\n";
			showEnvVarsInLog = 0;
		};
/* End PBXShellScriptBuildPhase section */

/* Begin PBXSourcesBuildPhase section */
		60287CBF267A4F3F003C345C /* Sources */ = {
			isa = PBXSourcesBuildPhase;
			buildActionMask = 2147483647;
			files = (
				60BE4FFA267C00B400AE6524 /* NetworkManager.swift in Sources */,
				60BE4FF4267B988F00AE6524 /* WebsiteDescription.swift in Sources */,
				60BE4FFE267E56E900AE6524 /* AlamofireNetworkRequest.swift in Sources */,
				60BE4FF2267B95D200AE6524 /* Course.swift in Sources */,
				60BE4FEE267B911900AE6524 /* WebViewController.swift in Sources */,
				60287CC7267A4F3F003C345C /* AppDelegate.swift in Sources */,
				60287CDB267A52B8003C345C /* ImageViewController.swift in Sources */,
				60BE4FFC267C0EEF00AE6524 /* DataProvider.swift in Sources */,
				60287CC9267A4F3F003C345C /* SceneDelegate.swift in Sources */,
				60BE4FF0267B913800AE6524 /* TableViewCell.swift in Sources */,
				60BE4FEC267B8F5B00AE6524 /* CoursesViewController.swift in Sources */,
				60BE4FF6267BB30A00AE6524 /* MainViewController.swift in Sources */,
				60BE4FF8267BB32700AE6524 /* CollectionViewCell.swift in Sources */,
			);
			runOnlyForDeploymentPostprocessing = 0;
		};
/* End PBXSourcesBuildPhase section */

/* Begin PBXVariantGroup section */
		60287CCC267A4F3F003C345C /* Main.storyboard */ = {
			isa = PBXVariantGroup;
			children = (
				60287CCD267A4F3F003C345C /* Base */,
			);
			name = Main.storyboard;
			sourceTree = "<group>";
		};
		60287CD1267A4F44003C345C /* LaunchScreen.storyboard */ = {
			isa = PBXVariantGroup;
			children = (
				60287CD2267A4F44003C345C /* Base */,
			);
			name = LaunchScreen.storyboard;
			sourceTree = "<group>";
		};
/* End PBXVariantGroup section */

/* Begin XCBuildConfiguration section */
		60287CD5267A4F44003C345C /* Debug */ = {
			isa = XCBuildConfiguration;
			buildSettings = {
				ALWAYS_SEARCH_USER_PATHS = NO;
				CLANG_ANALYZER_NONNULL = YES;
				CLANG_ANALYZER_NUMBER_OBJECT_CONVERSION = YES_AGGRESSIVE;
				CLANG_CXX_LANGUAGE_STANDARD = "gnu++14";
				CLANG_CXX_LIBRARY = "libc++";
				CLANG_ENABLE_MODULES = YES;
				CLANG_ENABLE_OBJC_ARC = YES;
				CLANG_ENABLE_OBJC_WEAK = YES;
				CLANG_WARN_BLOCK_CAPTURE_AUTORELEASING = YES;
				CLANG_WARN_BOOL_CONVERSION = YES;
				CLANG_WARN_COMMA = YES;
				CLANG_WARN_CONSTANT_CONVERSION = YES;
				CLANG_WARN_DEPRECATED_OBJC_IMPLEMENTATIONS = YES;
				CLANG_WARN_DIRECT_OBJC_ISA_USAGE = YES_ERROR;
				CLANG_WARN_DOCUMENTATION_COMMENTS = YES;
				CLANG_WARN_EMPTY_BODY = YES;
				CLANG_WARN_ENUM_CONVERSION = YES;
				CLANG_WARN_INFINITE_RECURSION = YES;
				CLANG_WARN_INT_CONVERSION = YES;
				CLANG_WARN_NON_LITERAL_NULL_CONVERSION = YES;
				CLANG_WARN_OBJC_IMPLICIT_RETAIN_SELF = YES;
				CLANG_WARN_OBJC_LITERAL_CONVERSION = YES;
				CLANG_WARN_OBJC_ROOT_CLASS = YES_ERROR;
				CLANG_WARN_QUOTED_INCLUDE_IN_FRAMEWORK_HEADER = YES;
				CLANG_WARN_RANGE_LOOP_ANALYSIS = YES;
				CLANG_WARN_STRICT_PROTOTYPES = YES;
				CLANG_WARN_SUSPICIOUS_MOVE = YES;
				CLANG_WARN_UNGUARDED_AVAILABILITY = YES_AGGRESSIVE;
				CLANG_WARN_UNREACHABLE_CODE = YES;
				CLANG_WARN__DUPLICATE_METHOD_MATCH = YES;
				COPY_PHASE_STRIP = NO;
				DEBUG_INFORMATION_FORMAT = dwarf;
				ENABLE_STRICT_OBJC_MSGSEND = YES;
				ENABLE_TESTABILITY = YES;
				GCC_C_LANGUAGE_STANDARD = gnu11;
				GCC_DYNAMIC_NO_PIC = NO;
				GCC_NO_COMMON_BLOCKS = YES;
				GCC_OPTIMIZATION_LEVEL = 0;
				GCC_PREPROCESSOR_DEFINITIONS = (
					"DEBUG=1",
					"$(inherited)",
				);
				GCC_WARN_64_TO_32_BIT_CONVERSION = YES;
				GCC_WARN_ABOUT_RETURN_TYPE = YES_ERROR;
				GCC_WARN_UNDECLARED_SELECTOR = YES;
				GCC_WARN_UNINITIALIZED_AUTOS = YES_AGGRESSIVE;
				GCC_WARN_UNUSED_FUNCTION = YES;
				GCC_WARN_UNUSED_VARIABLE = YES;
				IPHONEOS_DEPLOYMENT_TARGET = 14.5;
				MTL_ENABLE_DEBUG_INFO = INCLUDE_SOURCE;
				MTL_FAST_MATH = YES;
				ONLY_ACTIVE_ARCH = YES;
				SDKROOT = iphoneos;
				SWIFT_ACTIVE_COMPILATION_CONDITIONS = DEBUG;
				SWIFT_OPTIMIZATION_LEVEL = "-Onone";
			};
			name = Debug;
		};
		60287CD6267A4F44003C345C /* Release */ = {
			isa = XCBuildConfiguration;
			buildSettings = {
				ALWAYS_SEARCH_USER_PATHS = NO;
				CLANG_ANALYZER_NONNULL = YES;
				CLANG_ANALYZER_NUMBER_OBJECT_CONVERSION = YES_AGGRESSIVE;
				CLANG_CXX_LANGUAGE_STANDARD = "gnu++14";
				CLANG_CXX_LIBRARY = "libc++";
				CLANG_ENABLE_MODULES = YES;
				CLANG_ENABLE_OBJC_ARC = YES;
				CLANG_ENABLE_OBJC_WEAK = YES;
				CLANG_WARN_BLOCK_CAPTURE_AUTORELEASING = YES;
				CLANG_WARN_BOOL_CONVERSION = YES;
				CLANG_WARN_COMMA = YES;
				CLANG_WARN_CONSTANT_CONVERSION = YES;
				CLANG_WARN_DEPRECATED_OBJC_IMPLEMENTATIONS = YES;
				CLANG_WARN_DIRECT_OBJC_ISA_USAGE = YES_ERROR;
				CLANG_WARN_DOCUMENTATION_COMMENTS = YES;
				CLANG_WARN_EMPTY_BODY = YES;
				CLANG_WARN_ENUM_CONVERSION = YES;
				CLANG_WARN_INFINITE_RECURSION = YES;
				CLANG_WARN_INT_CONVERSION = YES;
				CLANG_WARN_NON_LITERAL_NULL_CONVERSION = YES;
				CLANG_WARN_OBJC_IMPLICIT_RETAIN_SELF = YES;
				CLANG_WARN_OBJC_LITERAL_CONVERSION = YES;
				CLANG_WARN_OBJC_ROOT_CLASS = YES_ERROR;
				CLANG_WARN_QUOTED_INCLUDE_IN_FRAMEWORK_HEADER = YES;
				CLANG_WARN_RANGE_LOOP_ANALYSIS = YES;
				CLANG_WARN_STRICT_PROTOTYPES = YES;
				CLANG_WARN_SUSPICIOUS_MOVE = YES;
				CLANG_WARN_UNGUARDED_AVAILABILITY = YES_AGGRESSIVE;
				CLANG_WARN_UNREACHABLE_CODE = YES;
				CLANG_WARN__DUPLICATE_METHOD_MATCH = YES;
				COPY_PHASE_STRIP = NO;
				DEBUG_INFORMATION_FORMAT = "dwarf-with-dsym";
				ENABLE_NS_ASSERTIONS = NO;
				ENABLE_STRICT_OBJC_MSGSEND = YES;
				GCC_C_LANGUAGE_STANDARD = gnu11;
				GCC_NO_COMMON_BLOCKS = YES;
				GCC_WARN_64_TO_32_BIT_CONVERSION = YES;
				GCC_WARN_ABOUT_RETURN_TYPE = YES_ERROR;
				GCC_WARN_UNDECLARED_SELECTOR = YES;
				GCC_WARN_UNINITIALIZED_AUTOS = YES_AGGRESSIVE;
				GCC_WARN_UNUSED_FUNCTION = YES;
				GCC_WARN_UNUSED_VARIABLE = YES;
				IPHONEOS_DEPLOYMENT_TARGET = 14.5;
				MTL_ENABLE_DEBUG_INFO = NO;
				MTL_FAST_MATH = YES;
				SDKROOT = iphoneos;
				SWIFT_COMPILATION_MODE = wholemodule;
				SWIFT_OPTIMIZATION_LEVEL = "-O";
				VALIDATE_PRODUCT = YES;
			};
			name = Release;
		};
		60287CD8267A4F44003C345C /* Debug */ = {
			isa = XCBuildConfiguration;
			baseConfigurationReference = 899A2C8D4069B64520EF1E37 /* Pods-GetPostRequests.debug.xcconfig */;
			buildSettings = {
				ASSETCATALOG_COMPILER_APPICON_NAME = AppIcon;
				ASSETCATALOG_COMPILER_GLOBAL_ACCENT_COLOR_NAME = AccentColor;
				CODE_SIGN_STYLE = Automatic;
				INFOPLIST_FILE = GetPostRequests/Info.plist;
				LD_RUNPATH_SEARCH_PATHS = (
					"$(inherited)",
					"@executable_path/Frameworks",
				);
				PRODUCT_BUNDLE_IDENTIFIER = Shkarin.GetPostRequests;
				PRODUCT_NAME = "$(TARGET_NAME)";
				SWIFT_VERSION = 5.0;
				TARGETED_DEVICE_FAMILY = "1,2";
			};
			name = Debug;
		};
		60287CD9267A4F44003C345C /* Release */ = {
			isa = XCBuildConfiguration;
			baseConfigurationReference = C54C668F731747876909AB59 /* Pods-GetPostRequests.release.xcconfig */;
			buildSettings = {
				ASSETCATALOG_COMPILER_APPICON_NAME = AppIcon;
				ASSETCATALOG_COMPILER_GLOBAL_ACCENT_COLOR_NAME = AccentColor;
				CODE_SIGN_STYLE = Automatic;
				DEVELOPMENT_TEAM = "";
				INFOPLIST_FILE = GetPostRequests/Info.plist;
				LD_RUNPATH_SEARCH_PATHS = (
					"$(inherited)",
					"@executable_path/Frameworks",
				);
				PRODUCT_BUNDLE_IDENTIFIER = Shkarin.GetPostRequests;
				PRODUCT_NAME = "$(TARGET_NAME)";
				SWIFT_VERSION = 5.0;
				TARGETED_DEVICE_FAMILY = "1,2";
			};
			name = Release;
		};
/* End XCBuildConfiguration section */

/* Begin XCConfigurationList section */
		60287CBE267A4F3F003C345C /* Build configuration list for PBXProject "GetPostRequests" */ = {
			isa = XCConfigurationList;
			buildConfigurations = (
				60287CD5267A4F44003C345C /* Debug */,
				60287CD6267A4F44003C345C /* Release */,
			);
			defaultConfigurationIsVisible = 0;
			defaultConfigurationName = Release;
		};
		60287CD7267A4F44003C345C /* Build configuration list for PBXNativeTarget "GetPostRequests" */ = {
			isa = XCConfigurationList;
			buildConfigurations = (
				60287CD8267A4F44003C345C /* Debug */,
				60287CD9267A4F44003C345C /* Release */,
			);
			defaultConfigurationIsVisible = 0;
			defaultConfigurationName = Release;
		};
/* End XCConfigurationList section */
	};
	rootObject = 60287CBB267A4F3F003C345C /* Project object */;
}
